
Microsoft Visual Studio Solution File, Format Version 12.00
# Visual Studio Version 17
VisualStudioVersion = 17.10.34902.84
MinimumVisualStudioVersion = 10.0.40219.1
Project("{FAE04EC0-301F-11D3-BF4B-00C04F79EFBC}") = "LMA.Core", "LMA.Core\LMA.Core.csproj", "{3C1B9B06-2719-4683-B7FC-811D83AB6C53}"
EndProject
Project("{FAE04EC0-301F-11D3-BF4B-00C04F79EFBC}") = "LMA.Data", "LMA.Data\LMA.Data.csproj", "{6CBA226F-D314-44F9-8786-0F7FDBFE9EE9}"
EndProject
Project("{FAE04EC0-301F-11D3-BF4B-00C04F79EFBC}") = "LMA.Business", "LMA.Business\LMA.Business.csproj", "{72720884-5A4A-4ED8-B0CA-364AE9111F7E}"
EndProject
Project("{FAE04EC0-301F-11D3-BF4B-00C04F79EFBC}") = "LMA.CA", "LMA.CA\LMA.CA.csproj", "{3F16F623-DAF7-49F3-A423-CCFB5D469BD1}"
EndProject
Global
	GlobalSection(SolutionConfigurationPlatforms) = preSolution
		Debug|Any CPU = Debug|Any CPU
		Release|Any CPU = Release|Any CPU
	EndGlobalSection
	GlobalSection(ProjectConfigurationPlatforms) = postSolution
		{3C1B9B06-2719-4683-B7FC-811D83AB6C53}.Debug|Any CPU.ActiveCfg = Debug|Any CPU
		{3C1B9B06-2719-4683-B7FC-811D83AB6C53}.Debug|Any CPU.Build.0 = Debug|Any CPU
		{3C1B9B06-2719-4683-B7FC-811D83AB6C53}.Release|Any CPU.ActiveCfg = Release|Any CPU
		{3C1B9B06-2719-4683-B7FC-811D83AB6C53}.Release|Any CPU.Build.0 = Release|Any CPU
		{6CBA226F-D314-44F9-8786-0F7FDBFE9EE9}.Debug|Any CPU.ActiveCfg = Debug|Any CPU
		{6CBA226F-D314-44F9-8786-0F7FDBFE9EE9}.Debug|Any CPU.Build.0 = Debug|Any CPU
		{6CBA226F-D314-44F9-8786-0F7FDBFE9EE9}.Release|Any CPU.ActiveCfg = Release|Any CPU
		{6CBA226F-D314-44F9-8786-0F7FDBFE9EE9}.Release|Any CPU.Build.0 = Release|Any CPU
		{72720884-5A4A-4ED8-B0CA-364AE9111F7E}.Debug|Any CPU.ActiveCfg = Debug|Any CPU
		{72720884-5A4A-4ED8-B0CA-364AE9111F7E}.Debug|Any CPU.Build.0 = Debug|Any CPU
		{72720884-5A4A-4ED8-B0CA-364AE9111F7E}.Release|Any CPU.ActiveCfg = Release|Any CPU
		{72720884-5A4A-4ED8-B0CA-364AE9111F7E}.Release|Any CPU.Build.0 = Release|Any CPU
		{3F16F623-DAF7-49F3-A423-CCFB5D469BD1}.Debug|Any CPU.ActiveCfg = Debug|Any CPU
		{3F16F623-DAF7-49F3-A423-CCFB5D469BD1}.Debug|Any CPU.Build.0 = Debug|Any CPU
		{3F16F623-DAF7-49F3-A423-CCFB5D469BD1}.Release|Any CPU.ActiveCfg = Release|Any CPU
		{3F16F623-DAF7-49F3-A423-CCFB5D469BD1}.Release|Any CPU.Build.0 = Release|Any CPU
	EndGlobalSection
	GlobalSection(SolutionProperties) = preSolution
		HideSolutionNode = FALSE
	EndGlobalSection
	GlobalSection(ExtensibilityGlobals) = postSolution
		SolutionGuid = {23092F58-EC15-4662-BD35-9D08043E80AB}
	EndGlobalSection
EndGlobal
